{
  "version": 4,
  "terraform_version": "1.6.4",
  "serial": 17,
  "lineage": "743b7bcb-b198-806b-3db4-8417b249a148",
  "outputs": {},
  "resources": [
    {
      "mode": "data",
      "type": "google_firebase_web_app_config",
      "name": "example",
      "provider": "provider[\"registry.terraform.io/hashicorp/google-beta\"]",
      "instances": [
        {
          "schema_version": 0,
          "attributes": {
            "api_key": "AIzaSyA-qhD7DIg_1ZFzIQuvojymC4eu9grttqM",
            "auth_domain": "sample-firebase-ai-app-23983.firebaseapp.com",
            "database_url": "",
            "id": "1:434449491430:web:522062d5882128869f6227",
            "location_id": "",
            "measurement_id": "",
            "messaging_sender_id": "434449491430",
            "project": "sample-firebase-ai-app-23983",
            "storage_bucket": "sample-firebase-ai-app-23983.firebasestorage.app",
            "web_app_id": "1:434449491430:web:522062d5882128869f6227"
          },
          "sensitive_attributes": []
        }
      ]
    },
    {
      "mode": "data",
      "type": "google_project",
      "name": "project",
      "provider": "provider[\"registry.terraform.io/hashicorp/google-beta\"]",
      "instances": [
        {
          "schema_version": 0,
          "attributes": {
            "auto_create_network": null,
            "billing_account": null,
            "deletion_policy": "DELETE",
            "effective_labels": {
              "firebase": "enabled",
              "firebase-core": "disabled"
            },
            "folder_id": null,
            "id": "projects/sample-firebase-ai-app-23983",
            "labels": {
              "firebase": "enabled",
              "firebase-core": "disabled"
            },
            "name": "Sample Firebase AI App",
            "number": "434449491430",
            "org_id": null,
            "project_id": "sample-firebase-ai-app-23983",
            "skip_delete": null,
            "terraform_labels": {
              "firebase": "enabled",
              "firebase-core": "disabled"
            }
          },
          "sensitive_attributes": []
        }
      ]
    },
    {
      "mode": "managed",
      "type": "google_apikeys_key",
      "name": "generativelanguage",
      "provider": "provider[\"registry.terraform.io/hashicorp/google-beta\"]",
      "instances": [
        {
          "schema_version": 0,
          "attributes": {
            "display_name": "Gemini API Key",
            "id": "projects/sample-firebase-ai-app-23983/locations/global/keys/gemini-api-key",
            "key_string": "AIzaSyBZVfGUTJaiXppK2Jy-EnOPWQm05n97eUg",
            "name": "gemini-api-key",
            "project": "sample-firebase-ai-app-23983",
            "restrictions": [
              {
                "android_key_restrictions": [],
                "api_targets": [
                  {
                    "methods": [],
                    "service": "generativelanguage.googleapis.com"
                  }
                ],
                "browser_key_restrictions": [
                  {
                    "allowed_referrers": [
                      "*"
                    ]
                  }
                ],
                "ios_key_restrictions": [],
                "server_key_restrictions": []
              }
            ],
            "timeouts": null,
            "uid": "db2060a7-f1b3-4b48-9e9b-e2fd5b31a381"
          },
          "sensitive_attributes": [],
          "private": "eyJlMmJmYjczMC1lY2FhLTExZTYtOGY4OC0zNDM2M2JjN2M0YzAiOnsiY3JlYXRlIjoxMjAwMDAwMDAwMDAwLCJkZWxldGUiOjEyMDAwMDAwMDAwMDAsInVwZGF0ZSI6MTIwMDAwMDAwMDAwMH19",
          "dependencies": [
            "google_project_service.services"
          ]
        }
      ]
    },
    {
      "mode": "managed",
      "type": "google_firebase_web_app",
      "name": "example",
      "provider": "provider[\"registry.terraform.io/hashicorp/google-beta\"]",
      "instances": [
        {
          "schema_version": 0,
          "attributes": {
            "api_key_id": "6499e499-c6ff-4562-bf4c-a2184508d77c",
            "app_id": "1:434449491430:web:522062d5882128869f6227",
            "app_urls": [],
            "deletion_policy": "DELETE",
            "display_name": "Make It So AI!",
            "id": "projects/sample-firebase-ai-app-23983/webApps/1:434449491430:web:522062d5882128869f6227",
            "name": "projects/sample-firebase-ai-app-23983/webApps/1:434449491430:web:522062d5882128869f6227",
            "project": "sample-firebase-ai-app-23983",
            "timeouts": null
          },
          "sensitive_attributes": [],
          "private": "eyJlMmJmYjczMC1lY2FhLTExZTYtOGY4OC0zNDM2M2JjN2M0YzAiOnsiY3JlYXRlIjoxMjAwMDAwMDAwMDAwLCJkZWxldGUiOjEyMDAwMDAwMDAwMDAsInVwZGF0ZSI6MTIwMDAwMDAwMDAwMH19"
        }
      ]
    },
    {
      "mode": "managed",
      "type": "google_firebaserules_release",
      "name": "firestore",
      "provider": "provider[\"registry.terraform.io/hashicorp/google-beta\"]",
      "instances": [
        {
          "schema_version": 0,
          "attributes": {
            "create_time": "2025-04-11T03:01:36.069867Z",
            "disabled": false,
            "id": "projects/sample-firebase-ai-app-23983/releases/cloud.firestore",
            "name": "cloud.firestore",
            "project": "sample-firebase-ai-app-23983",
            "ruleset_name": "465250a8-91de-44e2-a671-f360b80f7ce6",
            "timeouts": null,
            "update_time": "2025-04-11T03:01:36.069867Z"
          },
          "sensitive_attributes": [],
          "private": "eyJlMmJmYjczMC1lY2FhLTExZTYtOGY4OC0zNDM2M2JjN2M0YzAiOnsiY3JlYXRlIjoxMjAwMDAwMDAwMDAwLCJkZWxldGUiOjEyMDAwMDAwMDAwMDB9fQ==",
          "dependencies": [
            "google_firebaserules_ruleset.firestore",
            "google_firestore_database.database",
            "google_project_service.services",
            "local_file.firestore_rules"
          ]
        }
      ]
    },
    {
      "mode": "managed",
      "type": "google_firebaserules_ruleset",
      "name": "firestore",
      "provider": "provider[\"registry.terraform.io/hashicorp/google-beta\"]",
      "instances": [
        {
          "schema_version": 0,
          "attributes": {
            "create_time": "2025-04-11T03:01:35.030073Z",
            "id": "projects/sample-firebase-ai-app-23983/rulesets/465250a8-91de-44e2-a671-f360b80f7ce6",
            "metadata": [
              {
                "services": [
                  "cloud.firestore"
                ]
              }
            ],
            "name": "465250a8-91de-44e2-a671-f360b80f7ce6",
            "project": "sample-firebase-ai-app-23983",
            "source": [
              {
                "files": [
                  {
                    "content": "service cloud.firestore {\n  match /databases/{database}/documents/{document=**} {\n    allow read, write: if request.auth != null \u0026\u0026 request.time \u003c timestamp.date(2025, 5, 11);\n  }\n}\n",
                    "fingerprint": "",
                    "name": "firestore.rules"
                  }
                ],
                "language": ""
              }
            ],
            "timeouts": null
          },
          "sensitive_attributes": [],
          "private": "eyJlMmJmYjczMC1lY2FhLTExZTYtOGY4OC0zNDM2M2JjN2M0YzAiOnsiY3JlYXRlIjoxMjAwMDAwMDAwMDAwLCJkZWxldGUiOjEyMDAwMDAwMDAwMDB9fQ==",
          "dependencies": [
            "google_firestore_database.database",
            "google_project_service.services",
            "local_file.firestore_rules"
          ]
        }
      ]
    },
    {
      "mode": "managed",
      "type": "google_firestore_database",
      "name": "database",
      "provider": "provider[\"registry.terraform.io/hashicorp/google-beta\"]",
      "instances": [
        {
          "schema_version": 0,
          "attributes": {
            "app_engine_integration_mode": "DISABLED",
            "cmek_config": [],
            "concurrency_mode": "PESSIMISTIC",
            "create_time": "",
            "delete_protection_state": "DELETE_PROTECTION_DISABLED",
            "deletion_policy": "ABANDON",
            "earliest_version_time": "2025-04-11T03:01:23.723828Z",
            "etag": "IKGzsZH/zowDMLSkmdf+zowD",
            "id": "projects/sample-firebase-ai-app-23983/databases/(default)",
            "key_prefix": "",
            "location_id": "nam5",
            "name": "(default)",
            "point_in_time_recovery_enablement": "POINT_IN_TIME_RECOVERY_DISABLED",
            "project": "sample-firebase-ai-app-23983",
            "timeouts": null,
            "type": "FIRESTORE_NATIVE",
            "uid": "8482a146-c660-4c8f-ae84-2d70d64b68b0",
            "update_time": "",
            "version_retention_period": "3600s"
          },
          "sensitive_attributes": [],
          "private": "eyJlMmJmYjczMC1lY2FhLTExZTYtOGY4OC0zNDM2M2JjN2M0YzAiOnsiY3JlYXRlIjoxMjAwMDAwMDAwMDAwLCJkZWxldGUiOjEyMDAwMDAwMDAwMDAsInVwZGF0ZSI6MTIwMDAwMDAwMDAwMH19",
          "dependencies": [
            "google_project_service.services"
          ]
        }
      ]
    },
    {
      "mode": "managed",
      "type": "google_project_service",
      "name": "services",
      "provider": "provider[\"registry.terraform.io/hashicorp/google-beta\"]",
      "instances": [
        {
          "index_key": "apikeys.googleapis.com",
          "schema_version": 0,
          "attributes": {
            "check_if_service_has_usage_on_destroy": false,
            "disable_dependent_services": null,
            "disable_on_destroy": false,
            "id": "sample-firebase-ai-app-23983/apikeys.googleapis.com",
            "project": "sample-firebase-ai-app-23983",
            "service": "apikeys.googleapis.com",
            "timeouts": null
          },
          "sensitive_attributes": [],
          "private": "eyJlMmJmYjczMC1lY2FhLTExZTYtOGY4OC0zNDM2M2JjN2M0YzAiOnsiY3JlYXRlIjoxMjAwMDAwMDAwMDAwLCJkZWxldGUiOjEyMDAwMDAwMDAwMDAsInJlYWQiOjYwMDAwMDAwMDAwMCwidXBkYXRlIjoxMjAwMDAwMDAwMDAwfX0="
        },
        {
          "index_key": "firebaserules.googleapis.com",
          "schema_version": 0,
          "attributes": {
            "check_if_service_has_usage_on_destroy": false,
            "disable_dependent_services": null,
            "disable_on_destroy": false,
            "id": "sample-firebase-ai-app-23983/firebaserules.googleapis.com",
            "project": "sample-firebase-ai-app-23983",
            "service": "firebaserules.googleapis.com",
            "timeouts": null
          },
          "sensitive_attributes": [],
          "private": "eyJlMmJmYjczMC1lY2FhLTExZTYtOGY4OC0zNDM2M2JjN2M0YzAiOnsiY3JlYXRlIjoxMjAwMDAwMDAwMDAwLCJkZWxldGUiOjEyMDAwMDAwMDAwMDAsInJlYWQiOjYwMDAwMDAwMDAwMCwidXBkYXRlIjoxMjAwMDAwMDAwMDAwfX0="
        },
        {
          "index_key": "firestore.googleapis.com",
          "schema_version": 0,
          "attributes": {
            "check_if_service_has_usage_on_destroy": false,
            "disable_dependent_services": null,
            "disable_on_destroy": false,
            "id": "sample-firebase-ai-app-23983/firestore.googleapis.com",
            "project": "sample-firebase-ai-app-23983",
            "service": "firestore.googleapis.com",
            "timeouts": null
          },
          "sensitive_attributes": [],
          "private": "eyJlMmJmYjczMC1lY2FhLTExZTYtOGY4OC0zNDM2M2JjN2M0YzAiOnsiY3JlYXRlIjoxMjAwMDAwMDAwMDAwLCJkZWxldGUiOjEyMDAwMDAwMDAwMDAsInJlYWQiOjYwMDAwMDAwMDAwMCwidXBkYXRlIjoxMjAwMDAwMDAwMDAwfX0="
        },
        {
          "index_key": "generativelanguage.googleapis.com",
          "schema_version": 0,
          "attributes": {
            "check_if_service_has_usage_on_destroy": false,
            "disable_dependent_services": null,
            "disable_on_destroy": false,
            "id": "sample-firebase-ai-app-23983/generativelanguage.googleapis.com",
            "project": "sample-firebase-ai-app-23983",
            "service": "generativelanguage.googleapis.com",
            "timeouts": null
          },
          "sensitive_attributes": [],
          "private": "eyJlMmJmYjczMC1lY2FhLTExZTYtOGY4OC0zNDM2M2JjN2M0YzAiOnsiY3JlYXRlIjoxMjAwMDAwMDAwMDAwLCJkZWxldGUiOjEyMDAwMDAwMDAwMDAsInJlYWQiOjYwMDAwMDAwMDAwMCwidXBkYXRlIjoxMjAwMDAwMDAwMDAwfX0="
        },
        {
          "index_key": "serviceusage.googleapis.com",
          "schema_version": 0,
          "attributes": {
            "check_if_service_has_usage_on_destroy": false,
            "disable_dependent_services": null,
            "disable_on_destroy": false,
            "id": "sample-firebase-ai-app-23983/serviceusage.googleapis.com",
            "project": "sample-firebase-ai-app-23983",
            "service": "serviceusage.googleapis.com",
            "timeouts": null
          },
          "sensitive_attributes": [],
          "private": "eyJlMmJmYjczMC1lY2FhLTExZTYtOGY4OC0zNDM2M2JjN2M0YzAiOnsiY3JlYXRlIjoxMjAwMDAwMDAwMDAwLCJkZWxldGUiOjEyMDAwMDAwMDAwMDAsInJlYWQiOjYwMDAwMDAwMDAwMCwidXBkYXRlIjoxMjAwMDAwMDAwMDAwfX0="
        }
      ]
    },
    {
      "mode": "managed",
      "type": "google_service_usage_consumer_quota_override",
      "name": "generativelanguage",
      "provider": "provider[\"registry.terraform.io/hashicorp/google-beta\"]",
      "instances": [
        {
          "schema_version": 0,
          "attributes": {
            "dimensions": {},
            "force": true,
            "id": "projects/sample-firebase-ai-app-23983/services/generativelanguage.googleapis.com/consumerQuotaMetrics/generativelanguage.googleapis.com%2Fgenerate_requests_per_model/limits/%2Fmin%2Fmodel%2Fproject/consumerOverrides/Cg1RdW90YU92ZXJyaWRl",
            "limit": "%2Fmin%2Fmodel%2Fproject",
            "metric": "generativelanguage.googleapis.com%2Fgenerate_requests_per_model",
            "name": "Cg1RdW90YU92ZXJyaWRl",
            "override_value": "10",
            "project": "sample-firebase-ai-app-23983",
            "service": "generativelanguage.googleapis.com",
            "timeouts": null
          },
          "sensitive_attributes": [],
          "private": "eyJlMmJmYjczMC1lY2FhLTExZTYtOGY4OC0zNDM2M2JjN2M0YzAiOnsiY3JlYXRlIjoxMjAwMDAwMDAwMDAwLCJkZWxldGUiOjEyMDAwMDAwMDAwMDAsInVwZGF0ZSI6MTIwMDAwMDAwMDAwMH19",
          "dependencies": [
            "google_project_service.services"
          ]
        }
      ]
    },
    {
      "mode": "managed",
      "type": "local_file",
      "name": "environment_ts",
      "provider": "provider[\"registry.terraform.io/hashicorp/local\"]",
      "instances": [
        {
          "schema_version": 0,
          "attributes": {
            "content": "export const environment = {\n  firebase: {\n      apiKey: 'AIzaSyA-qhD7DIg_1ZFzIQuvojymC4eu9grttqM',\n      authDomain: 'sample-firebase-ai-app-23983.firebaseapp.com',\n      databaseURL: '',\n      projectId: 'sample-firebase-ai-app-23983',\n      storageBucket: 'sample-firebase-ai-app-23983.firebasestorage.app',\n      messagingSenderId: '434449491430',\n      appId: '1:434449491430:web:522062d5882128869f6227',\n      measurementId: '',\n  },\n  gemini_api_key: 'AIzaSyBZVfGUTJaiXppK2Jy-EnOPWQm05n97eUg',\n  debug_token: ''\n};",
            "content_base64": null,
            "content_base64sha256": "wEw3cEYtl03ypV831ne+iG+KjA2wWI9KkxmXwECAv60=",
            "content_base64sha512": "1rE5xP0j45rp6u1gRMR/jEk7aSQgcgaRP0Z02bkqvAwRD/WklB9JblmRlQU+WkNQc9QCPUS/k7hKE48Ua0KBig==",
            "content_md5": "57558b23535008336fa125a8194721d4",
            "content_sha1": "1d701062a8343543a6e5950d059e61bb4631af70",
            "content_sha256": "c04c3770462d974df2a55f37d677be886f8a8c0db0588f4a931997c04080bfad",
            "content_sha512": "d6b139c4fd23e39ae9eaed6044c47f8c493b6924207206913f4674d9b92abc0c110ff5a4941f496e599195053e5a435073d4023d44bf93b84a138f146b42818a",
            "directory_permission": "0777",
            "file_permission": "0777",
            "filename": "./src/environments/environments.ts",
            "id": "1d701062a8343543a6e5950d059e61bb4631af70",
            "sensitive_content": null,
            "source": null
          },
          "sensitive_attributes": [
            [
              {
                "type": "get_attr",
                "value": "content"
              }
            ]
          ],
          "dependencies": [
            "data.google_firebase_web_app_config.example",
            "data.google_project.project",
            "google_apikeys_key.generativelanguage",
            "google_firebase_web_app.example",
            "google_project_service.services"
          ]
        }
      ]
    },
    {
      "mode": "managed",
      "type": "local_file",
      "name": "firebaserc",
      "provider": "provider[\"registry.terraform.io/hashicorp/local\"]",
      "instances": [
        {
          "schema_version": 0,
          "attributes": {
            "content": "{\"projects\":{\"default\":\"sample-firebase-ai-app-23983\"}}",
            "content_base64": null,
            "content_base64sha256": "ZH7EZVz4gXW/08rYhLxEc6W+adlNdyfSdL2fMFX8h6M=",
            "content_base64sha512": "P+/JpcaFpgJiElScZDE4AaWkWgXs0H1anOAeeOrrfzjqy7CAtEkkHnJ+RXCLF6QmLXBDia1E892MQfrFYF8Ryg==",
            "content_md5": "71cd8eaddf9f6c3afc28c9f1aba46b81",
            "content_sha1": "2fce560bd887b67a04cf4245765848152de3eb78",
            "content_sha256": "647ec4655cf88175bfd3cad884bc4473a5be69d94d7727d274bd9f3055fc87a3",
            "content_sha512": "3fefc9a5c685a6026212549c64313801a5a45a05ecd07d5a9ce01e78eaeb7f38eacbb080b449241e727e45708b17a4262d704389ad44f3dd8c41fac5605f11ca",
            "directory_permission": "0777",
            "file_permission": "0777",
            "filename": "./.firebaserc",
            "id": "2fce560bd887b67a04cf4245765848152de3eb78",
            "sensitive_content": null,
            "source": null
          },
          "sensitive_attributes": []
        }
      ]
    },
    {
      "mode": "managed",
      "type": "local_file",
      "name": "firestore_rules",
      "provider": "provider[\"registry.terraform.io/hashicorp/local\"]",
      "instances": [
        {
          "schema_version": 0,
          "attributes": {
            "content": "service cloud.firestore {\n  match /databases/{database}/documents/{document=**} {\n    allow read, write: if request.auth != null \u0026\u0026 request.time \u003c timestamp.date(2025, 5, 11);\n  }\n}\n",
            "content_base64": null,
            "content_base64sha256": "rDV7zn+KOqh8zvRlR4dwUc51spIPBnjGJ+AzNLV+iQo=",
            "content_base64sha512": "NLIbYjsu7qmg296EUPGR8JIj/mljntKVbhJD+05AH6We/48oAh9Jtzzn8tBdbpryHOV3HLdx9jmWOSNqWYFcKA==",
            "content_md5": "03560fa4732261734562c20d0561f28d",
            "content_sha1": "cdb7220e5354dd8e05e058467fc295a5490561a6",
            "content_sha256": "ac357bce7f8a3aa87ccef46547877051ce75b2920f0678c627e03334b57e890a",
            "content_sha512": "34b21b623b2eeea9a0dbde8450f191f09223fe69639ed2956e1243fb4e401fa59eff8f28021f49b73ce7f2d05d6e9af21ce5771cb771f6399639236a59815c28",
            "directory_permission": "0777",
            "file_permission": "0777",
            "filename": "./firestore.rules",
            "id": "cdb7220e5354dd8e05e058467fc295a5490561a6",
            "sensitive_content": null,
            "source": null
          },
          "sensitive_attributes": []
        }
      ]
    }
  ],
  "check_results": null
}
